// !$*UTF8*$!
{
	archiveVersion = 1;
	classes = {
	};
	objectVersion = 46;
	objects = {

/* Begin PBXBuildFile section */
		44E66AD91AAD7FE7009498C5 /* main.m in Sources */ = {isa = PBXBuildFile; fileRef = 44E66AD81AAD7FE7009498C5 /* main.m */; };
		44E66ADC1AAD7FE7009498C5 /* AppDelegate.m in Sources */ = {isa = PBXBuildFile; fileRef = 44E66ADB1AAD7FE7009498C5 /* AppDelegate.m */; };
		44E66ADF1AAD7FE7009498C5 /* ViewController.m in Sources */ = {isa = PBXBuildFile; fileRef = 44E66ADE1AAD7FE7009498C5 /* ViewController.m */; };
		44E66AE21AAD7FE7009498C5 /* Main.storyboard in Resources */ = {isa = PBXBuildFile; fileRef = 44E66AE01AAD7FE7009498C5 /* Main.storyboard */; };
		44E66AE41AAD7FE7009498C5 /* Images.xcassets in Resources */ = {isa = PBXBuildFile; fileRef = 44E66AE31AAD7FE7009498C5 /* Images.xcassets */; };
		44E66AE71AAD7FE7009498C5 /* LaunchScreen.xib in Resources */ = {isa = PBXBuildFile; fileRef = 44E66AE51AAD7FE7009498C5 /* LaunchScreen.xib */; };
		44E66AF31AAD7FE7009498C5 /* HHCircularProgressTests.m in Sources */ = {isa = PBXBuildFile; fileRef = 44E66AF21AAD7FE7009498C5 /* HHCircularProgressTests.m */; };
		44E66AFF1AAD8092009498C5 /* HHCircularProgress.m in Sources */ = {isa = PBXBuildFile; fileRef = 44E66AFE1AAD8092009498C5 /* HHCircularProgress.m */; };
/* End PBXBuildFile section */

/* Begin PBXContainerItemProxy section */
		44E66AED1AAD7FE7009498C5 /* PBXContainerItemProxy */ = {
			isa = PBXContainerItemProxy;
			containerPortal = 44E66ACB1AAD7FE7009498C5 /* Project object */;
			proxyType = 1;
			remoteGlobalIDString = 44E66AD21AAD7FE7009498C5;
			remoteInfo = HHCircularProgress;
		};
/* End PBXContainerItemProxy section */

/* Begin PBXFileReference section */
		44E66AD31AAD7FE7009498C5 /* HHCircularProgress.app */ = {isa = PBXFileReference; explicitFileType = wrapper.application; includeInIndex = 0; path = HHCircularProgress.app; sourceTree = BUILT_PRODUCTS_DIR; };
		44E66AD71AAD7FE7009498C5 /* Info.plist */ = {isa = PBXFileReference; lastKnownFileType = text.plist.xml; path = Info.plist; sourceTree = "<group>"; };
		44E66AD81AAD7FE7009498C5 /* main.m */ = {isa = PBXFileReference; lastKnownFileType = sourcecode.c.objc; path = main.m; sourceTree = "<group>"; };
		44E66ADA1AAD7FE7009498C5 /* AppDelegate.h */ = {isa = PBXFileReference; lastKnownFileType = sourcecode.c.h; path = AppDelegate.h; sourceTree = "<group>"; };
		44E66ADB1AAD7FE7009498C5 /* AppDelegate.m */ = {isa = PBXFileReference; lastKnownFileType = sourcecode.c.objc; path = AppDelegate.m; sourceTree = "<group>"; };
		44E66ADD1AAD7FE7009498C5 /* ViewController.h */ = {isa = PBXFileReference; lastKnownFileType = sourcecode.c.h; path = ViewController.h; sourceTree = "<group>"; };
		44E66ADE1AAD7FE7009498C5 /* ViewController.m */ = {isa = PBXFileReference; lastKnownFileType = sourcecode.c.objc; path = ViewController.m; sourceTree = "<group>"; };
		44E66AE11AAD7FE7009498C5 /* Base */ = {isa = PBXFileReference; lastKnownFileType = file.storyboard; name = Base; path = Base.lproj/Main.storyboard; sourceTree = "<group>"; };
		44E66AE31AAD7FE7009498C5 /* Images.xcassets */ = {isa = PBXFileReference; lastKnownFileType = folder.assetcatalog; path = Images.xcassets; sourceTree = "<group>"; };
		44E66AE61AAD7FE7009498C5 /* Base */ = {isa = PBXFileReference; lastKnownFileType = file.xib; name = Base; path = Base.lproj/LaunchScreen.xib; sourceTree = "<group>"; };
		44E66AEC1AAD7FE7009498C5 /* HHCircularProgressTests.xctest */ = {isa = PBXFileReference; explicitFileType = wrapper.cfbundle; includeInIndex = 0; path = HHCircularProgressTests.xctest; sourceTree = BUILT_PRODUCTS_DIR; };
		44E66AF11AAD7FE7009498C5 /* Info.plist */ = {isa = PBXFileReference; lastKnownFileType = text.plist.xml; path = Info.plist; sourceTree = "<group>"; };
		44E66AF21AAD7FE7009498C5 /* HHCircularProgressTests.m */ = {isa = PBXFileReference; lastKnownFileType = sourcecode.c.objc; path = HHCircularProgressTests.m; sourceTree = "<group>"; };
		44E66AFD1AAD8092009498C5 /* HHCircularProgress.h */ = {isa = PBXFileReference; fileEncoding = 4; lastKnownFileType = sourcecode.c.h; path = HHCircularProgress.h; sourceTree = "<group>"; };
		44E66AFE1AAD8092009498C5 /* HHCircularProgress.m */ = {isa = PBXFileReference; fileEncoding = 4; lastKnownFileType = sourcecode.c.objc; path = HHCircularProgress.m; sourceTree = "<group>"; };
/* End PBXFileReference section */

/* Begin PBXFrameworksBuildPhase section */
		44E66AD01AAD7FE7009498C5 /* Frameworks */ = {
			isa = PBXFrameworksBuildPhase;
			buildActionMask = 2147483647;
			files = (
			);
			runOnlyForDeploymentPostprocessing = 0;
		};
		44E66AE91AAD7FE7009498C5 /* Frameworks */ = {
			isa = PBXFrameworksBuildPhase;
			buildActionMask = 2147483647;
			files = (
			);
			runOnlyForDeploymentPostprocessing = 0;
		};
/* End PBXFrameworksBuildPhase section */

/* Begin PBXGroup section */
		44E66ACA1AAD7FE7009498C5 = {
			isa = PBXGroup;
			children = (
				44E66AD51AAD7FE7009498C5 /* HHCircularProgress */,
				44E66AEF1AAD7FE7009498C5 /* HHCircularProgressTests */,
				44E66AD41AAD7FE7009498C5 /* Products */,
			);
			sourceTree = "<group>";
		};
		44E66AD41AAD7FE7009498C5 /* Products */ = {
			isa = PBXGroup;
			children = (
				44E66AD31AAD7FE7009498C5 /* HHCircularProgress.app */,
				44E66AEC1AAD7FE7009498C5 /* HHCircularProgressTests.xctest */,
			);
			name = Products;
			sourceTree = "<group>";
		};
		44E66AD51AAD7FE7009498C5 /* HHCircularProgress */ = {
			isa = PBXGroup;
			children = (
				44E66AFC1AAD7FF1009498C5 /* HHCircularProgress */,
				44E66ADA1AAD7FE7009498C5 /* AppDelegate.h */,
				44E66ADB1AAD7FE7009498C5 /* AppDelegate.m */,
				44E66ADD1AAD7FE7009498C5 /* ViewController.h */,
				44E66ADE1AAD7FE7009498C5 /* ViewController.m */,
				44E66AE01AAD7FE7009498C5 /* Main.storyboard */,
				44E66AE31AAD7FE7009498C5 /* Images.xcassets */,
				44E66AE51AAD7FE7009498C5 /* LaunchScreen.xib */,
				44E66AD61AAD7FE7009498C5 /* Supporting Files */,
			);
			path = HHCircularProgress;
			sourceTree = "<group>";
		};
		44E66AD61AAD7FE7009498C5 /* Supporting Files */ = {
			isa = PBXGroup;
			children = (
				44E66AD71AAD7FE7009498C5 /* Info.plist */,
				44E66AD81AAD7FE7009498C5 /* main.m */,
			);
			name = "Supporting Files";
			sourceTree = "<group>";
		};
		44E66AEF1AAD7FE7009498C5 /* HHCircularProgressTests */ = {
			isa = PBXGroup;
			children = (
				44E66AF21AAD7FE7009498C5 /* HHCircularProgressTests.m */,
				44E66AF01AAD7FE7009498C5 /* Supporting Files */,
			);
			path = HHCircularProgressTests;
			sourceTree = "<group>";
		};
		44E66AF01AAD7FE7009498C5 /* Supporting Files */ = {
			isa = PBXGroup;
			children = (
				44E66AF11AAD7FE7009498C5 /* Info.plist */,
			);
			name = "Supporting Files";
			sourceTree = "<group>";
		};
		44E66AFC1AAD7FF1009498C5 /* HHCircularProgress */ = {
			isa = PBXGroup;
			children = (
				44E66AFD1AAD8092009498C5 /* HHCircularProgress.h */,
				44E66AFE1AAD8092009498C5 /* HHCircularProgress.m */,
			);
			name = HHCircularProgress;
			sourceTree = "<group>";
		};
/* End PBXGroup section */

/* Begin PBXNativeTarget section */
		44E66AD21AAD7FE7009498C5 /* HHCircularProgress */ = {
			isa = PBXNativeTarget;
			buildConfigurationList = 44E66AF61AAD7FE7009498C5 /* Build configuration list for PBXNativeTarget "HHCircularProgress" */;
			buildPhases = (
				44E66ACF1AAD7FE7009498C5 /* Sources */,
				44E66AD01AAD7FE7009498C5 /* Frameworks */,
				44E66AD11AAD7FE7009498C5 /* Resources */,
			);
			buildRules = (
			);
			dependencies = (
			);
			name = HHCircularProgress;
			productName = HHCircularProgress;
			productReference = 44E66AD31AAD7FE7009498C5 /* HHCircularProgress.app */;
			productType = "com.apple.product-type.application";
		};
		44E66AEB1AAD7FE7009498C5 /* HHCircularProgressTests */ = {
			isa = PBXNativeTarget;
			buildConfigurationList = 44E66AF91AAD7FE7009498C5 /* Build configuration list for PBXNativeTarget "HHCircularProgressTests" */;
			buildPhases = (
				44E66AE81AAD7FE7009498C5 /* Sources */,
				44E66AE91AAD7FE7009498C5 /* Frameworks */,
				44E66AEA1AAD7FE7009498C5 /* Resources */,
			);
			buildRules = (
			);
			dependencies = (
				44E66AEE1AAD7FE7009498C5 /* PBXTargetDependency */,
			);
			name = HHCircularProgressTests;
			productName = HHCircularProgressTests;
			productReference = 44E66AEC1AAD7FE7009498C5 /* HHCircularProgressTests.xctest */;
			productType = "com.apple.product-type.bundle.unit-test";
		};
/* End PBXNativeTarget section */

/* Begin PBXProject section */
		44E66ACB1AAD7FE7009498C5 /* Project object */ = {
			isa = PBXProject;
			attributes = {
				LastUpgradeCheck = 0610;
				ORGANIZATIONNAME = Qian100;
				TargetAttributes = {
					44E66AD21AAD7FE7009498C5 = {
						CreatedOnToolsVersion = 6.1.1;
					};
					44E66AEB1AAD7FE7009498C5 = {
						CreatedOnToolsVersion = 6.1.1;
						TestTargetID = 44E66AD21AAD7FE7009498C5;
					};
				};
			};
			buildConfigurationList = 44E66ACE1AAD7FE7009498C5 /* Build configuration list for PBXProject "HHCircularProgress" */;
			compatibilityVersion = "Xcode 3.2";
			developmentRegion = English;
			hasScannedForEncodings = 0;
			knownRegions = (
				en,
				Base,
			);
			mainGroup = 44E66ACA1AAD7FE7009498C5;
			productRefGroup = 44E66AD41AAD7FE7009498C5 /* Products */;
			projectDirPath = "";
			projectRoot = "";
			targets = (
				44E66AD21AAD7FE7009498C5 /* HHCircularProgress */,
				44E66AEB1AAD7FE7009498C5 /* HHCircularProgressTests */,
			);
		};
/* End PBXProject section */

/* Begin PBXResourcesBuildPhase section */
		44E66AD11AAD7FE7009498C5 /* Resources */ = {
			isa = PBXResourcesBuildPhase;
			buildActionMask = 2147483647;
			files = (
				44E66AE21AAD7FE7009498C5 /* Main.storyboard in Resources */,
				44E66AE71AAD7FE7009498C5 /* LaunchScreen.xib in Resources */,
				44E66AE41AAD7FE7009498C5 /* Images.xcassets in Resources */,
			);
			runOnlyForDeploymentPostprocessing = 0;
		};
		44E66AEA1AAD7FE7009498C5 /* Resources */ = {
			isa = PBXResourcesBuildPhase;
			buildActionMask = 2147483647;
			files = (
			);
			runOnlyForDeploymentPostprocessing = 0;
		};
/* End PBXResourcesBuildPhase section */

/* Begin PBXSourcesBuildPhase section */
		44E66ACF1AAD7FE7009498C5 /* Sources */ = {
			isa = PBXSourcesBuildPhase;
			buildActionMask = 2147483647;
			files = (
				44E66ADF1AAD7FE7009498C5 /* ViewController.m in Sources */,
				44E66AFF1AAD8092009498C5 /* HHCircularProgress.m in Sources */,
				44E66ADC1AAD7FE7009498C5 /* AppDelegate.m in Sources */,
				44E66AD91AAD7FE7009498C5 /* main.m in Sources */,
			);
			runOnlyForDeploymentPostprocessing = 0;
		};
		44E66AE81AAD7FE7009498C5 /* Sources */ = {
			isa = PBXSourcesBuildPhase;
			buildActionMask = 2147483647;
			files = (
				44E66AF31AAD7FE7009498C5 /* HHCircularProgressTests.m in Sources */,
			);
			runOnlyForDeploymentPostprocessing = 0;
		};
/* End PBXSourcesBuildPhase section */

/* Begin PBXTargetDependency section */
		44E66AEE1AAD7FE7009498C5 /* PBXTargetDependency */ = {
			isa = PBXTargetDependency;
			target = 44E66AD21AAD7FE7009498C5 /* HHCircularProgress */;
			targetProxy = 44E66AED1AAD7FE7009498C5 /* PBXContainerItemProxy */;
		};
/* End PBXTargetDependency section */

/* Begin PBXVariantGroup section */
		44E66AE01AAD7FE7009498C5 /* Main.storyboard */ = {
			isa = PBXVariantGroup;
			children = (
				44E66AE11AAD7FE7009498C5 /* Base */,
			);
			name = Main.storyboard;
			sourceTree = "<group>";
		};
		44E66AE51AAD7FE7009498C5 /* LaunchScreen.xib */ = {
			isa = PBXVariantGroup;
			children = (
				44E66AE61AAD7FE7009498C5 /* Base */,
			);
			name = LaunchScreen.xib;
			sourceTree = "<group>";
		};
/* End PBXVariantGroup section */

/* Begin XCBuildConfiguration section */
		44E66AF41AAD7FE7009498C5 /* Debug */ = {
			isa = XCBuildConfiguration;
			buildSettings = {
				ALWAYS_SEARCH_USER_PATHS = NO;
				CLANG_CXX_LANGUAGE_STANDARD = "gnu++0x";
				CLANG_CXX_LIBRARY = "libc++";
				CLANG_ENABLE_MODULES = YES;
				CLANG_ENABLE_OBJC_ARC = YES;
				CLANG_WARN_BOOL_CONVERSION = YES;
				CLANG_WARN_CONSTANT_CONVERSION = YES;
				CLANG_WARN_DIRECT_OBJC_ISA_USAGE = YES_ERROR;
				CLANG_WARN_EMPTY_BODY = YES;
				CLANG_WARN_ENUM_CONVERSION = YES;
				CLANG_WARN_INT_CONVERSION = YES;
				CLANG_WARN_OBJC_ROOT_CLASS = YES_ERROR;
				CLANG_WARN_UNREACHABLE_CODE = YES;
				CLANG_WARN__DUPLICATE_METHOD_MATCH = YES;
				"CODE_SIGN_IDENTITY[sdk=iphoneos*]" = "iPhone Developer";
				COPY_PHASE_STRIP = NO;
				ENABLE_STRICT_OBJC_MSGSEND = YES;
				GCC_C_LANGUAGE_STANDARD = gnu99;
				GCC_DYNAMIC_NO_PIC = NO;
				GCC_OPTIMIZATION_LEVEL = 0;
				GCC_PREPROCESSOR_DEFINITIONS = (
					"DEBUG=1",
					"$(inherited)",
				);
				GCC_SYMBOLS_PRIVATE_EXTERN = NO;
				GCC_WARN_64_TO_32_BIT_CONVERSION = YES;
				GCC_WARN_ABOUT_RETURN_TYPE = YES_ERROR;
				GCC_WARN_UNDECLARED_SELECTOR = YES;
				GCC_WARN_UNINITIALIZED_AUTOS = YES_AGGRESSIVE;
				GCC_WARN_UNUSED_FUNCTION = YES;
				GCC_WARN_UNUSED_VARIABLE = YES;
				IPHONEOS_DEPLOYMENT_TARGET = 8.1;
				MTL_ENABLE_DEBUG_INFO = YES;
				ONLY_ACTIVE_ARCH = YES;
				SDKROOT = iphoneos;
			};
			name = Debug;
		};
		44E66AF51AAD7FE7009498C5 /* Release */ = {
			isa = XCBuildConfiguration;
			buildSettings = {
				ALWAYS_SEARCH_USER_PATHS = NO;
				CLANG_CXX_LANGUAGE_STANDARD = "gnu++0x";
				CLANG_CXX_LIBRARY = "libc++";
				CLANG_ENABLE_MODULES = YES;
				CLANG_ENABLE_OBJC_ARC = YES;
				CLANG_WARN_BOOL_CONVERSION = YES;
				CLANG_WARN_CONSTANT_CONVERSION = YES;
				CLANG_WARN_DIRECT_OBJC_ISA_USAGE = YES_ERROR;
				CLANG_WARN_EMPTY_BODY = YES;
				CLANG_WARN_ENUM_CONVERSION = YES;
				CLANG_WARN_INT_CONVERSION = YES;
				CLANG_WARN_OBJC_ROOT_CLASS = YES_ERROR;
				CLANG_WARN_UNREACHABLE_CODE = YES;
				CLANG_WARN__DUPLICATE_METHOD_MATCH = YES;
				"CODE_SIGN_IDENTITY[sdk=iphoneos*]" = "iPhone Developer";
				COPY_PHASE_STRIP = YES;
				ENABLE_NS_ASSERTIONS = NO;
				ENABLE_STRICT_OBJC_MSGSEND = YES;
				GCC_C_LANGUAGE_STANDARD = gnu99;
				GCC_WARN_64_TO_32_BIT_CONVERSION = YES;
				GCC_WARN_ABOUT_RETURN_TYPE = YES_ERROR;
				GCC_WARN_UNDECLARED_SELECTOR = YES;
				GCC_WARN_UNINITIALIZED_AUTOS = YES_AGGRESSIVE;
				GCC_WARN_UNUSED_FUNCTION = YES;
				GCC_WARN_UNUSED_VARIABLE = YES;
				IPHONEOS_DEPLOYMENT_TARGET = 8.1;
				MTL_ENABLE_DEBUG_INFO = NO;
				SDKROOT = iphoneos;
				VALIDATE_PRODUCT = YES;
			};
			name = Release;
		};
		44E66AF71AAD7FE7009498C5 /* Debug */ = {
			isa = XCBuildConfiguration;
			buildSettings = {
				ASSETCATALOG_COMPILER_APPICON_NAME = AppIcon;
				INFOPLIST_FILE = HHCircularProgress/Info.plist;
				LD_RUNPATH_SEARCH_PATHS = "$(inherited) @executable_path/Frameworks";
				PRODUCT_NAME = "$(TARGET_NAME)";
			};
			name = Debug;
		};
		44E66AF81AAD7FE7009498C5 /* Release */ = {
			isa = XCBuildConfiguration;
			buildSettings = {
				ASSETCATALOG_COMPILER_APPICON_NAME = AppIcon;
				INFOPLIST_FILE = HHCircularProgress/Info.plist;
				LD_RUNPATH_SEARCH_PATHS = "$(inherited) @executable_path/Frameworks";
				PRODUCT_NAME = "$(TARGET_NAME)";
			};
			name = Release;
		};
		44E66AFA1AAD7FE7009498C5 /* Debug */ = {
			isa = XCBuildConfiguration;
			buildSettings = {
				BUNDLE_LOADER = "$(TEST_HOST)";
				FRAMEWORK_SEARCH_PATHS = (
					"$(SDKROOT)/Developer/Library/Frameworks",
					"$(inherited)",
				);
				GCC_PREPROCESSOR_DEFINITIONS = (
					"DEBUG=1",
					"$(inherited)",
				);
				INFOPLIST_FILE = HHCircularProgressTests/Info.plist;
				LD_RUNPATH_SEARCH_PATHS = "$(inherited) @executable_path/Frameworks @loader_path/Frameworks";
				PRODUCT_NAME = "$(TARGET_NAME)";
				TEST_HOST = "$(BUILT_PRODUCTS_DIR)/HHCircularProgress.app/HHCircularProgress";
			};
			name = Debug;
		};
		44E66AFB1AAD7FE7009498C5 /* Release */ = {
			isa = XCBuildConfiguration;
			buildSettings = {
				BUNDLE_LOADER = "$(TEST_HOST)";
				FRAMEWORK_SEARCH_PATHS = (
					"$(SDKROOT)/Developer/Library/Frameworks",
					"$(inherited)",
				);
				INFOPLIST_FILE = HHCircularProgressTests/Info.plist;
				LD_RUNPATH_SEARCH_PATHS = "$(inherited) @executable_path/Frameworks @loader_path/Frameworks";
				PRODUCT_NAME = "$(TARGET_NAME)";
				TEST_HOST = "$(BUILT_PRODUCTS_DIR)/HHCircularProgress.app/HHCircularProgress";
			};
			name = Release;
		};
/* End XCBuildConfiguration section */

/* Begin XCConfigurationList section */
		44E66ACE1AAD7FE7009498C5 /* Build configuration list for PBXProject "HHCircularProgress" */ = {
			isa = XCConfigurationList;
			buildConfigurations = (
				44E66AF41AAD7FE7009498C5 /* Debug */,
				44E66AF51AAD7FE7009498C5 /* Release */,
			);
			defaultConfigurationIsVisible = 0;
			defaultConfigurationName = Release;
		};
		44E66AF61AAD7FE7009498C5 /* Build configuration list for PBXNativeTarget "HHCircularProgress" */ = {
			isa = XCConfigurationList;
			buildConfigurations = (
				44E66AF71AAD7FE7009498C5 /* Debug */,
				44E66AF81AAD7FE7009498C5 /* Release */,
			);
			defaultConfigurationIsVisible = 0;
		};
		44E66AF91AAD7FE7009498C5 /* Build configuration list for PBXNativeTarget "HHCircularProgressTests" */ = {
			isa = XCConfigurationList;
			buildConfigurations = (
				44E66AFA1AAD7FE7009498C5 /* Debug */,
				44E66AFB1AAD7FE7009498C5 /* Release */,
			);
			defaultConfigurationIsVisible = 0;
		};
/* End XCConfigurationList section */
	};
	rootObject = 44E66ACB1AAD7FE7009498C5 /* Project object */;
}
